
Microsoft Visual Studio Solution File, Format Version 12.00
# Visual Studio Version 17
VisualStudioVersion = 17.6.33723.286
MinimumVisualStudioVersion = 10.0.40219.1
Project("{9A19103F-16F7-4668-BE54-9A1E7A4F7556}") = "AvaloniaApplication1", "AvaloniaApplication1\AvaloniaApplication1.csproj", "{97C81564-C7A9-42BA-8C7B-FAC4717736D3}"
EndProject
Project("{9A19103F-16F7-4668-BE54-9A1E7A4F7556}") = "AvaloniaApplication1.Desktop", "AvaloniaApplication1.Desktop\AvaloniaApplication1.Desktop.csproj", "{C85A34D7-E209-41E3-B48E-2652D6512B14}"
EndProject
Global
	GlobalSection(SolutionConfigurationPlatforms) = preSolution
		Debug|Any CPU = Debug|Any CPU
		Release|Any CPU = Release|Any CPU
	EndGlobalSection
	GlobalSection(ProjectConfigurationPlatforms) = postSolution
		{97C81564-C7A9-42BA-8C7B-FAC4717736D3}.Debug|Any CPU.ActiveCfg = Debug|Any CPU
		{97C81564-C7A9-42BA-8C7B-FAC4717736D3}.Debug|Any CPU.Build.0 = Debug|Any CPU
		{97C81564-C7A9-42BA-8C7B-FAC4717736D3}.Release|Any CPU.ActiveCfg = Release|Any CPU
		{97C81564-C7A9-42BA-8C7B-FAC4717736D3}.Release|Any CPU.Build.0 = Release|Any CPU
		{C85A34D7-E209-41E3-B48E-2652D6512B14}.Debug|Any CPU.ActiveCfg = Debug|Any CPU
		{C85A34D7-E209-41E3-B48E-2652D6512B14}.Debug|Any CPU.Build.0 = Debug|Any CPU
		{C85A34D7-E209-41E3-B48E-2652D6512B14}.Release|Any CPU.ActiveCfg = Release|Any CPU
		{C85A34D7-E209-41E3-B48E-2652D6512B14}.Release|Any CPU.Build.0 = Release|Any CPU
	EndGlobalSection
	GlobalSection(SolutionProperties) = preSolution
		HideSolutionNode = FALSE
	EndGlobalSection
	GlobalSection(ExtensibilityGlobals) = postSolution
		SolutionGuid = {BC4C6B85-D678-4594-AE6A-78C5D8EA2900}
	EndGlobalSection
EndGlobal
